// !$*UTF8*$!
{
	archiveVersion = 1;
	classes = {
	};
	objectVersion = 46;
	objects = {

/* Begin PBXBuildFile section */
		F0A097991E87AB6F00031E72 /* main.m in Sources */ = {isa = PBXBuildFile; fileRef = F0A097981E87AB6F00031E72 /* main.m */; };
		F0A0979C1E87AB6F00031E72 /* AppDelegate.m in Sources */ = {isa = PBXBuildFile; fileRef = F0A0979B1E87AB6F00031E72 /* AppDelegate.m */; };
		F0A0979F1E87AB6F00031E72 /* ViewController.m in Sources */ = {isa = PBXBuildFile; fileRef = F0A0979E1E87AB6F00031E72 /* ViewController.m */; };
		F0A097A21E87AB6F00031E72 /* Main.storyboard in Resources */ = {isa = PBXBuildFile; fileRef = F0A097A01E87AB6F00031E72 /* Main.storyboard */; };
		F0A097A41E87AB6F00031E72 /* Assets.xcassets in Resources */ = {isa = PBXBuildFile; fileRef = F0A097A31E87AB6F00031E72 /* Assets.xcassets */; };
		F0A097A71E87AB6F00031E72 /* LaunchScreen.storyboard in Resources */ = {isa = PBXBuildFile; fileRef = F0A097A51E87AB6F00031E72 /* LaunchScreen.storyboard */; };
		F0A097B41E87AC9E00031E72 /* Calculator.m in Sources */ = {isa = PBXBuildFile; fileRef = F0A097B31E87AC9E00031E72 /* Calculator.m */; };
		F0A097B81E87B55200031E72 /* Button.m in Sources */ = {isa = PBXBuildFile; fileRef = F0A097B71E87B55200031E72 /* Button.m */; };
/* End PBXBuildFile section */

/* Begin PBXFileReference section */
		F0A097941E87AB6F00031E72 /* Calculator.app */ = {isa = PBXFileReference; explicitFileType = wrapper.application; includeInIndex = 0; path = Calculator.app; sourceTree = BUILT_PRODUCTS_DIR; };
		F0A097981E87AB6F00031E72 /* main.m */ = {isa = PBXFileReference; lastKnownFileType = sourcecode.c.objc; path = main.m; sourceTree = "<group>"; };
		F0A0979A1E87AB6F00031E72 /* AppDelegate.h */ = {isa = PBXFileReference; lastKnownFileType = sourcecode.c.h; path = AppDelegate.h; sourceTree = "<group>"; };
		F0A0979B1E87AB6F00031E72 /* AppDelegate.m */ = {isa = PBXFileReference; lastKnownFileType = sourcecode.c.objc; path = AppDelegate.m; sourceTree = "<group>"; };
		F0A0979D1E87AB6F00031E72 /* ViewController.h */ = {isa = PBXFileReference; lastKnownFileType = sourcecode.c.h; path = ViewController.h; sourceTree = "<group>"; };
		F0A0979E1E87AB6F00031E72 /* ViewController.m */ = {isa = PBXFileReference; lastKnownFileType = sourcecode.c.objc; path = ViewController.m; sourceTree = "<group>"; };
		F0A097A11E87AB6F00031E72 /* Base */ = {isa = PBXFileReference; lastKnownFileType = file.storyboard; name = Base; path = Base.lproj/Main.storyboard; sourceTree = "<group>"; };
		F0A097A31E87AB6F00031E72 /* Assets.xcassets */ = {isa = PBXFileReference; lastKnownFileType = folder.assetcatalog; path = Assets.xcassets; sourceTree = "<group>"; };
		F0A097A61E87AB6F00031E72 /* Base */ = {isa = PBXFileReference; lastKnownFileType = file.storyboard; name = Base; path = Base.lproj/LaunchScreen.storyboard; sourceTree = "<group>"; };
		F0A097A81E87AB6F00031E72 /* Info.plist */ = {isa = PBXFileReference; lastKnownFileType = text.plist.xml; path = Info.plist; sourceTree = "<group>"; };
		F0A097B21E87AC9E00031E72 /* Calculator.h */ = {isa = PBXFileReference; fileEncoding = 4; lastKnownFileType = sourcecode.c.h; path = Calculator.h; sourceTree = "<group>"; };
		F0A097B31E87AC9E00031E72 /* Calculator.m */ = {isa = PBXFileReference; fileEncoding = 4; lastKnownFileType = sourcecode.c.objc; path = Calculator.m; sourceTree = "<group>"; };
		F0A097B61E87B55200031E72 /* Button.h */ = {isa = PBXFileReference; fileEncoding = 4; lastKnownFileType = sourcecode.c.h; path = Button.h; sourceTree = "<group>"; };
		F0A097B71E87B55200031E72 /* Button.m */ = {isa = PBXFileReference; fileEncoding = 4; lastKnownFileType = sourcecode.c.objc; path = Button.m; sourceTree = "<group>"; };
/* End PBXFileReference section */

/* Begin PBXFrameworksBuildPhase section */
		F0A097911E87AB6F00031E72 /* Frameworks */ = {
			isa = PBXFrameworksBuildPhase;
			buildActionMask = 2147483647;
			files = (
			);
			runOnlyForDeploymentPostprocessing = 0;
		};
/* End PBXFrameworksBuildPhase section */

/* Begin PBXGroup section */
		F0A0978B1E87AB6F00031E72 = {
			isa = PBXGroup;
			children = (
				F0A097961E87AB6F00031E72 /* Calculator */,
				F0A097951E87AB6F00031E72 /* Products */,
			);
			sourceTree = "<group>";
		};
		F0A097951E87AB6F00031E72 /* Products */ = {
			isa = PBXGroup;
			children = (
				F0A097941E87AB6F00031E72 /* Calculator.app */,
			);
			name = Products;
			sourceTree = "<group>";
		};
		F0A097961E87AB6F00031E72 /* Calculator */ = {
			isa = PBXGroup;
			children = (
				F0A0979A1E87AB6F00031E72 /* AppDelegate.h */,
				F0A0979B1E87AB6F00031E72 /* AppDelegate.m */,
				F0A097B01E87AC4800031E72 /* Models */,
				F0A097B11E87AC5000031E72 /* Controllers */,
				F0A097B51E87B53E00031E72 /* Views */,
				F0A097AF1E87AC0100031E72 /* Storyboards */,
				F0A097971E87AB6F00031E72 /* Supporting Files */,
			);
			path = Calculator;
			sourceTree = "<group>";
		};
		F0A097971E87AB6F00031E72 /* Supporting Files */ = {
			isa = PBXGroup;
			children = (
				F0A097981E87AB6F00031E72 /* main.m */,
				F0A097A81E87AB6F00031E72 /* Info.plist */,
				F0A097A51E87AB6F00031E72 /* LaunchScreen.storyboard */,
				F0A097A31E87AB6F00031E72 /* Assets.xcassets */,
			);
			name = "Supporting Files";
			sourceTree = "<group>";
		};
		F0A097AF1E87AC0100031E72 /* Storyboards */ = {
			isa = PBXGroup;
			children = (
				F0A097A01E87AB6F00031E72 /* Main.storyboard */,
			);
			name = Storyboards;
			sourceTree = "<group>";
		};
		F0A097B01E87AC4800031E72 /* Models */ = {
			isa = PBXGroup;
			children = (
				F0A097B21E87AC9E00031E72 /* Calculator.h */,
				F0A097B31E87AC9E00031E72 /* Calculator.m */,
			);
			name = Models;
			sourceTree = "<group>";
		};
		F0A097B11E87AC5000031E72 /* Controllers */ = {
			isa = PBXGroup;
			children = (
				F0A0979D1E87AB6F00031E72 /* ViewController.h */,
				F0A0979E1E87AB6F00031E72 /* ViewController.m */,
			);
			name = Controllers;
			sourceTree = "<group>";
		};
		F0A097B51E87B53E00031E72 /* Views */ = {
			isa = PBXGroup;
			children = (
				F0A097B61E87B55200031E72 /* Button.h */,
				F0A097B71E87B55200031E72 /* Button.m */,
			);
			name = Views;
			sourceTree = "<group>";
		};
/* End PBXGroup section */

/* Begin PBXNativeTarget section */
		F0A097931E87AB6F00031E72 /* Calculator */ = {
			isa = PBXNativeTarget;
			buildConfigurationList = F0A097AB1E87AB6F00031E72 /* Build configuration list for PBXNativeTarget "Calculator" */;
			buildPhases = (
				F0A097901E87AB6F00031E72 /* Sources */,
				F0A097911E87AB6F00031E72 /* Frameworks */,
				F0A097921E87AB6F00031E72 /* Resources */,
				F0A097AE1E87ABA200031E72 /* Increase Build Number */,
			);
			buildRules = (
			);
			dependencies = (
			);
			name = Calculator;
			productName = Calculator;
			productReference = F0A097941E87AB6F00031E72 /* Calculator.app */;
			productType = "com.apple.product-type.application";
		};
/* End PBXNativeTarget section */

/* Begin PBXProject section */
		F0A0978C1E87AB6F00031E72 /* Project object */ = {
			isa = PBXProject;
			attributes = {
				LastUpgradeCheck = 0900;
				ORGANIZATIONNAME = "A.C. Wright Design";
				TargetAttributes = {
					F0A097931E87AB6F00031E72 = {
						CreatedOnToolsVersion = 8.2.1;
						DevelopmentTeam = RLF8EEWY2Z;
						ProvisioningStyle = Automatic;
					};
				};
			};
			buildConfigurationList = F0A0978F1E87AB6F00031E72 /* Build configuration list for PBXProject "Calculator" */;
			compatibilityVersion = "Xcode 3.2";
			developmentRegion = English;
			hasScannedForEncodings = 0;
			knownRegions = (
				en,
				Base,
			);
			mainGroup = F0A0978B1E87AB6F00031E72;
			productRefGroup = F0A097951E87AB6F00031E72 /* Products */;
			projectDirPath = "";
			projectRoot = "";
			targets = (
				F0A097931E87AB6F00031E72 /* Calculator */,
			);
		};
/* End PBXProject section */

/* Begin PBXResourcesBuildPhase section */
		F0A097921E87AB6F00031E72 /* Resources */ = {
			isa = PBXResourcesBuildPhase;
			buildActionMask = 2147483647;
			files = (
				F0A097A71E87AB6F00031E72 /* LaunchScreen.storyboard in Resources */,
				F0A097A41E87AB6F00031E72 /* Assets.xcassets in Resources */,
				F0A097A21E87AB6F00031E72 /* Main.storyboard in Resources */,
			);
			runOnlyForDeploymentPostprocessing = 0;
		};
/* End PBXResourcesBuildPhase section */

/* Begin PBXShellScriptBuildPhase section */
		F0A097AE1E87ABA200031E72 /* Increase Build Number */ = {
			isa = PBXShellScriptBuildPhase;
			buildActionMask = 2147483647;
			files = (
			);
			inputPaths = (
			);
			name = "Increase Build Number";
			outputPaths = (
			);
			runOnlyForDeploymentPostprocessing = 0;
			shellPath = /bin/bash;
			shellScript = "#!/bin/bash\nbuildNumber=$(/usr/libexec/PlistBuddy -c \"Print CFBundleVersion\" \"$INFOPLIST_FILE\")\nbuildNumber=$(($buildNumber + 1))\n/usr/libexec/PlistBuddy -c \"Set :CFBundleVersion $buildNumber\" \"$INFOPLIST_FILE\"";
		};
/* End PBXShellScriptBuildPhase section */

/* Begin PBXSourcesBuildPhase section */
		F0A097901E87AB6F00031E72 /* Sources */ = {
			isa = PBXSourcesBuildPhase;
			buildActionMask = 2147483647;
			files = (
				F0A0979F1E87AB6F00031E72 /* ViewController.m in Sources */,
				F0A097B41E87AC9E00031E72 /* Calculator.m in Sources */,
				F0A097B81E87B55200031E72 /* Button.m in Sources */,
				F0A0979C1E87AB6F00031E72 /* AppDelegate.m in Sources */,
				F0A097991E87AB6F00031E72 /* main.m in Sources */,
			);
			runOnlyForDeploymentPostprocessing = 0;
		};
/* End PBXSourcesBuildPhase section */

/* Begin PBXVariantGroup section */
		F0A097A01E87AB6F00031E72 /* Main.storyboard */ = {
			isa = PBXVariantGroup;
			children = (
				F0A097A11E87AB6F00031E72 /* Base */,
			);
			name = Main.storyboard;
			sourceTree = "<group>";
		};
		F0A097A51E87AB6F00031E72 /* LaunchScreen.storyboard */ = {
			isa = PBXVariantGroup;
			children = (
				F0A097A61E87AB6F00031E72 /* Base */,
			);
			name = LaunchScreen.storyboard;
			sourceTree = "<group>";
		};
/* End PBXVariantGroup section */

/* Begin XCBuildConfiguration section */
		F0A097A91E87AB6F00031E72 /* Debug */ = {
			isa = XCBuildConfiguration;
			buildSettings = {
				ALWAYS_SEARCH_USER_PATHS = NO;
				CLANG_ANALYZER_NONNULL = YES;
				CLANG_CXX_LANGUAGE_STANDARD = "gnu++0x";
				CLANG_CXX_LIBRARY = "libc++";
				CLANG_ENABLE_MODULES = YES;
				CLANG_ENABLE_OBJC_ARC = YES;
				CLANG_WARN_BLOCK_CAPTURE_AUTORELEASING = YES;
				CLANG_WARN_BOOL_CONVERSION = YES;
				CLANG_WARN_COMMA = YES;
				CLANG_WARN_CONSTANT_CONVERSION = YES;
				CLANG_WARN_DIRECT_OBJC_ISA_USAGE = YES_ERROR;
				CLANG_WARN_DOCUMENTATION_COMMENTS = YES;
				CLANG_WARN_EMPTY_BODY = YES;
				CLANG_WARN_ENUM_CONVERSION = YES;
				CLANG_WARN_INFINITE_RECURSION = YES;
				CLANG_WARN_INT_CONVERSION = YES;
				CLANG_WARN_NON_LITERAL_NULL_CONVERSION = YES;
				CLANG_WARN_OBJC_LITERAL_CONVERSION = YES;
				CLANG_WARN_OBJC_ROOT_CLASS = YES_ERROR;
				CLANG_WARN_RANGE_LOOP_ANALYSIS = YES;
				CLANG_WARN_STRICT_PROTOTYPES = YES;
				CLANG_WARN_SUSPICIOUS_MOVE = YES;
				CLANG_WARN_UNREACHABLE_CODE = YES;
				CLANG_WARN__DUPLICATE_METHOD_MATCH = YES;
				"CODE_SIGN_IDENTITY[sdk=iphoneos*]" = "iPhone Developer";
				COPY_PHASE_STRIP = NO;
				DEBUG_INFORMATION_FORMAT = dwarf;
				ENABLE_STRICT_OBJC_MSGSEND = YES;
				ENABLE_TESTABILITY = YES;
				GCC_C_LANGUAGE_STANDARD = gnu99;
				GCC_DYNAMIC_NO_PIC = NO;
				GCC_NO_COMMON_BLOCKS = YES;
				GCC_OPTIMIZATION_LEVEL = 0;
				GCC_PREPROCESSOR_DEFINITIONS = (
					"DEBUG=1",
					"$(inherited)",
				);
				GCC_WARN_64_TO_32_BIT_CONVERSION = YES;
				GCC_WARN_ABOUT_RETURN_TYPE = YES_ERROR;
				GCC_WARN_UNDECLARED_SELECTOR = YES;
				GCC_WARN_UNINITIALIZED_AUTOS = YES_AGGRESSIVE;
				GCC_WARN_UNUSED_FUNCTION = YES;
				GCC_WARN_UNUSED_VARIABLE = YES;
				IPHONEOS_DEPLOYMENT_TARGET = 10.2;
				MTL_ENABLE_DEBUG_INFO = YES;
				ONLY_ACTIVE_ARCH = YES;
				SDKROOT = iphoneos;
				TARGETED_DEVICE_FAMILY = "1,2";
			};
			name = Debug;
		};
		F0A097AA1E87AB6F00031E72 /* Release */ = {
			isa = XCBuildConfiguration;
			buildSettings = {
				ALWAYS_SEARCH_USER_PATHS = NO;
				CLANG_ANALYZER_NONNULL = YES;
				CLANG_CXX_LANGUAGE_STANDARD = "gnu++0x";
				CLANG_CXX_LIBRARY = "libc++";
				CLANG_ENABLE_MODULES = YES;
				CLANG_ENABLE_OBJC_ARC = YES;
				CLANG_WARN_BLOCK_CAPTURE_AUTORELEASING = YES;
				CLANG_WARN_BOOL_CONVERSION = YES;
				CLANG_WARN_COMMA = YES;
				CLANG_WARN_CONSTANT_CONVERSION = YES;
				CLANG_WARN_DIRECT_OBJC_ISA_USAGE = YES_ERROR;
				CLANG_WARN_DOCUMENTATION_COMMENTS = YES;
				CLANG_WARN_EMPTY_BODY = YES;
				CLANG_WARN_ENUM_CONVERSION = YES;
				CLANG_WARN_INFINITE_RECURSION = YES;
				CLANG_WARN_INT_CONVERSION = YES;
				CLANG_WARN_NON_LITERAL_NULL_CONVERSION = YES;
				CLANG_WARN_OBJC_LITERAL_CONVERSION = YES;
				CLANG_WARN_OBJC_ROOT_CLASS = YES_ERROR;
				CLANG_WARN_RANGE_LOOP_ANALYSIS = YES;
				CLANG_WARN_STRICT_PROTOTYPES = YES;
				CLANG_WARN_SUSPICIOUS_MOVE = YES;
				CLANG_WARN_UNREACHABLE_CODE = YES;
				CLANG_WARN__DUPLICATE_METHOD_MATCH = YES;
				"CODE_SIGN_IDENTITY[sdk=iphoneos*]" = "iPhone Developer";
				COPY_PHASE_STRIP = NO;
				DEBUG_INFORMATION_FORMAT = "dwarf-with-dsym";
				ENABLE_NS_ASSERTIONS = NO;
				ENABLE_STRICT_OBJC_MSGSEND = YES;
				GCC_C_LANGUAGE_STANDARD = gnu99;
				GCC_NO_COMMON_BLOCKS = YES;
				GCC_WARN_64_TO_32_BIT_CONVERSION = YES;
				GCC_WARN_ABOUT_RETURN_TYPE = YES_ERROR;
				GCC_WARN_UNDECLARED_SELECTOR = YES;
				GCC_WARN_UNINITIALIZED_AUTOS = YES_AGGRESSIVE;
				GCC_WARN_UNUSED_FUNCTION = YES;
				GCC_WARN_UNUSED_VARIABLE = YES;
				IPHONEOS_DEPLOYMENT_TARGET = 10.2;
				MTL_ENABLE_DEBUG_INFO = NO;
				SDKROOT = iphoneos;
				TARGETED_DEVICE_FAMILY = "1,2";
				VALIDATE_PRODUCT = YES;
			};
			name = Release;
		};
		F0A097AC1E87AB6F00031E72 /* Debug */ = {
			isa = XCBuildConfiguration;
			buildSettings = {
				ASSETCATALOG_COMPILER_APPICON_NAME = AppIcon;
				DEVELOPMENT_TEAM = RLF8EEWY2Z;
				INFOPLIST_FILE = Calculator/Info.plist;
				LD_RUNPATH_SEARCH_PATHS = "$(inherited) @executable_path/Frameworks";
				PRODUCT_BUNDLE_IDENTIFIER = com.acwrightdesign.Calculator;
				PRODUCT_NAME = "$(TARGET_NAME)";
			};
			name = Debug;
		};
		F0A097AD1E87AB6F00031E72 /* Release */ = {
			isa = XCBuildConfiguration;
			buildSettings = {
				ASSETCATALOG_COMPILER_APPICON_NAME = AppIcon;
				DEVELOPMENT_TEAM = RLF8EEWY2Z;
				INFOPLIST_FILE = Calculator/Info.plist;
				LD_RUNPATH_SEARCH_PATHS = "$(inherited) @executable_path/Frameworks";
				PRODUCT_BUNDLE_IDENTIFIER = com.acwrightdesign.Calculator;
				PRODUCT_NAME = "$(TARGET_NAME)";
			};
			name = Release;
		};
/* End XCBuildConfiguration section */

/* Begin XCConfigurationList section */
		F0A0978F1E87AB6F00031E72 /* Build configuration list for PBXProject "Calculator" */ = {
			isa = XCConfigurationList;
			buildConfigurations = (
				F0A097A91E87AB6F00031E72 /* Debug */,
				F0A097AA1E87AB6F00031E72 /* Release */,
			);
			defaultConfigurationIsVisible = 0;
			defaultConfigurationName = Release;
		};
		F0A097AB1E87AB6F00031E72 /* Build configuration list for PBXNativeTarget "Calculator" */ = {
			isa = XCConfigurationList;
			buildConfigurations = (
				F0A097AC1E87AB6F00031E72 /* Debug */,
				F0A097AD1E87AB6F00031E72 /* Release */,
			);
			defaultConfigurationIsVisible = 0;
			defaultConfigurationName = Release;
		};
/* End XCConfigurationList section */
	};
	rootObject = F0A0978C1E87AB6F00031E72 /* Project object */;
}
